// !$*UTF8*$!
{
	archiveVersion = 1;
	classes = {
	};
	objectVersion = 50;
	objects = {

/* Begin PBXBuildFile section */
		BE4AB49F2421CE65004A03ED /* AppDelegate.swift in Sources */ = {isa = PBXBuildFile; fileRef = BE4AB49E2421CE65004A03ED /* AppDelegate.swift */; };
		BE4AB4A12421CE65004A03ED /* SceneDelegate.swift in Sources */ = {isa = PBXBuildFile; fileRef = BE4AB4A02421CE65004A03ED /* SceneDelegate.swift */; };
		BE4AB4A32421CE65004A03ED /* ViewController.swift in Sources */ = {isa = PBXBuildFile; fileRef = BE4AB4A22421CE65004A03ED /* ViewController.swift */; };
		BE4AB4A62421CE65004A03ED /* Main.storyboard in Resources */ = {isa = PBXBuildFile; fileRef = BE4AB4A42421CE65004A03ED /* Main.storyboard */; };
		BE4AB4A82421CE66004A03ED /* Assets.xcassets in Resources */ = {isa = PBXBuildFile; fileRef = BE4AB4A72421CE66004A03ED /* Assets.xcassets */; };
		BE4AB4AB2421CE66004A03ED /* LaunchScreen.storyboard in Resources */ = {isa = PBXBuildFile; fileRef = BE4AB4A92421CE66004A03ED /* LaunchScreen.storyboard */; };
		BE4AB4B62421CE66004A03ED /* AnnaTests.swift in Sources */ = {isa = PBXBuildFile; fileRef = BE4AB4B52421CE66004A03ED /* AnnaTests.swift */; };
		BE4AB4C12421CE66004A03ED /* AnnaUITests.swift in Sources */ = {isa = PBXBuildFile; fileRef = BE4AB4C02421CE66004A03ED /* AnnaUITests.swift */; };
/* End PBXBuildFile section */

/* Begin PBXContainerItemProxy section */
		BE4AB4B22421CE66004A03ED /* PBXContainerItemProxy */ = {
			isa = PBXContainerItemProxy;
			containerPortal = BE4AB4932421CE65004A03ED /* Project object */;
			proxyType = 1;
			remoteGlobalIDString = BE4AB49A2421CE65004A03ED;
			remoteInfo = Anna;
		};
		BE4AB4BD2421CE66004A03ED /* PBXContainerItemProxy */ = {
			isa = PBXContainerItemProxy;
			containerPortal = BE4AB4932421CE65004A03ED /* Project object */;
			proxyType = 1;
			remoteGlobalIDString = BE4AB49A2421CE65004A03ED;
			remoteInfo = Anna;
		};
/* End PBXContainerItemProxy section */

/* Begin PBXFileReference section */
		BE4AB49B2421CE65004A03ED /* Anna.app */ = {isa = PBXFileReference; explicitFileType = wrapper.application; includeInIndex = 0; path = Anna.app; sourceTree = BUILT_PRODUCTS_DIR; };
		BE4AB49E2421CE65004A03ED /* AppDelegate.swift */ = {isa = PBXFileReference; lastKnownFileType = sourcecode.swift; path = AppDelegate.swift; sourceTree = "<group>"; };
		BE4AB4A02421CE65004A03ED /* SceneDelegate.swift */ = {isa = PBXFileReference; lastKnownFileType = sourcecode.swift; path = SceneDelegate.swift; sourceTree = "<group>"; };
		BE4AB4A22421CE65004A03ED /* ViewController.swift */ = {isa = PBXFileReference; lastKnownFileType = sourcecode.swift; path = ViewController.swift; sourceTree = "<group>"; };
		BE4AB4A52421CE65004A03ED /* Base */ = {isa = PBXFileReference; lastKnownFileType = file.storyboard; name = Base; path = Base.lproj/Main.storyboard; sourceTree = "<group>"; };
		BE4AB4A72421CE66004A03ED /* Assets.xcassets */ = {isa = PBXFileReference; lastKnownFileType = folder.assetcatalog; path = Assets.xcassets; sourceTree = "<group>"; };
		BE4AB4AA2421CE66004A03ED /* Base */ = {isa = PBXFileReference; lastKnownFileType = file.storyboard; name = Base; path = Base.lproj/LaunchScreen.storyboard; sourceTree = "<group>"; };
		BE4AB4AC2421CE66004A03ED /* Info.plist */ = {isa = PBXFileReference; lastKnownFileType = text.plist.xml; path = Info.plist; sourceTree = "<group>"; };
		BE4AB4B12421CE66004A03ED /* AnnaTests.xctest */ = {isa = PBXFileReference; explicitFileType = wrapper.cfbundle; includeInIndex = 0; path = AnnaTests.xctest; sourceTree = BUILT_PRODUCTS_DIR; };
		BE4AB4B52421CE66004A03ED /* AnnaTests.swift */ = {isa = PBXFileReference; lastKnownFileType = sourcecode.swift; path = AnnaTests.swift; sourceTree = "<group>"; };
		BE4AB4B72421CE66004A03ED /* Info.plist */ = {isa = PBXFileReference; lastKnownFileType = text.plist.xml; path = Info.plist; sourceTree = "<group>"; };
		BE4AB4BC2421CE66004A03ED /* AnnaUITests.xctest */ = {isa = PBXFileReference; explicitFileType = wrapper.cfbundle; includeInIndex = 0; path = AnnaUITests.xctest; sourceTree = BUILT_PRODUCTS_DIR; };
		BE4AB4C02421CE66004A03ED /* AnnaUITests.swift */ = {isa = PBXFileReference; lastKnownFileType = sourcecode.swift; path = AnnaUITests.swift; sourceTree = "<group>"; };
		BE4AB4C22421CE66004A03ED /* Info.plist */ = {isa = PBXFileReference; lastKnownFileType = text.plist.xml; path = Info.plist; sourceTree = "<group>"; };
/* End PBXFileReference section */

/* Begin PBXFrameworksBuildPhase section */
		BE4AB4982421CE65004A03ED /* Frameworks */ = {
			isa = PBXFrameworksBuildPhase;
			buildActionMask = 2147483647;
			files = (
			);
			runOnlyForDeploymentPostprocessing = 0;
		};
		BE4AB4AE2421CE66004A03ED /* Frameworks */ = {
			isa = PBXFrameworksBuildPhase;
			buildActionMask = 2147483647;
			files = (
			);
			runOnlyForDeploymentPostprocessing = 0;
		};
		BE4AB4B92421CE66004A03ED /* Frameworks */ = {
			isa = PBXFrameworksBuildPhase;
			buildActionMask = 2147483647;
			files = (
			);
			runOnlyForDeploymentPostprocessing = 0;
		};
/* End PBXFrameworksBuildPhase section */

/* Begin PBXGroup section */
		BE4AB4922421CE65004A03ED = {
			isa = PBXGroup;
			children = (
				BE4AB49D2421CE65004A03ED /* Anna */,
				BE4AB4B42421CE66004A03ED /* AnnaTests */,
				BE4AB4BF2421CE66004A03ED /* AnnaUITests */,
				BE4AB49C2421CE65004A03ED /* Products */,
			);
			sourceTree = "<group>";
		};
		BE4AB49C2421CE65004A03ED /* Products */ = {
			isa = PBXGroup;
			children = (
				BE4AB49B2421CE65004A03ED /* Anna.app */,
				BE4AB4B12421CE66004A03ED /* AnnaTests.xctest */,
				BE4AB4BC2421CE66004A03ED /* AnnaUITests.xctest */,
			);
			name = Products;
			sourceTree = "<group>";
		};
		BE4AB49D2421CE65004A03ED /* Anna */ = {
			isa = PBXGroup;
			children = (
				BE4AB49E2421CE65004A03ED /* AppDelegate.swift */,
				BE4AB4A02421CE65004A03ED /* SceneDelegate.swift */,
				BE4AB4A22421CE65004A03ED /* ViewController.swift */,
				BE4AB4A42421CE65004A03ED /* Main.storyboard */,
				BE4AB4A72421CE66004A03ED /* Assets.xcassets */,
				BE4AB4A92421CE66004A03ED /* LaunchScreen.storyboard */,
				BE4AB4AC2421CE66004A03ED /* Info.plist */,
			);
			path = Anna;
			sourceTree = "<group>";
		};
		BE4AB4B42421CE66004A03ED /* AnnaTests */ = {
			isa = PBXGroup;
			children = (
				BE4AB4B52421CE66004A03ED /* AnnaTests.swift */,
				BE4AB4B72421CE66004A03ED /* Info.plist */,
			);
			path = AnnaTests;
			sourceTree = "<group>";
		};
		BE4AB4BF2421CE66004A03ED /* AnnaUITests */ = {
			isa = PBXGroup;
			children = (
				BE4AB4C02421CE66004A03ED /* AnnaUITests.swift */,
				BE4AB4C22421CE66004A03ED /* Info.plist */,
			);
			path = AnnaUITests;
			sourceTree = "<group>";
		};
/* End PBXGroup section */

/* Begin PBXNativeTarget section */
		BE4AB49A2421CE65004A03ED /* Anna */ = {
			isa = PBXNativeTarget;
			buildConfigurationList = BE4AB4C52421CE66004A03ED /* Build configuration list for PBXNativeTarget "Anna" */;
			buildPhases = (
				BE4AB4972421CE65004A03ED /* Sources */,
				BE4AB4982421CE65004A03ED /* Frameworks */,
				BE4AB4992421CE65004A03ED /* Resources */,
			);
			buildRules = (
			);
			dependencies = (
			);
			name = Anna;
			productName = Anna;
			productReference = BE4AB49B2421CE65004A03ED /* Anna.app */;
			productType = "com.apple.product-type.application";
		};
		BE4AB4B02421CE66004A03ED /* AnnaTests */ = {
			isa = PBXNativeTarget;
			buildConfigurationList = BE4AB4C82421CE66004A03ED /* Build configuration list for PBXNativeTarget "AnnaTests" */;
			buildPhases = (
				BE4AB4AD2421CE66004A03ED /* Sources */,
				BE4AB4AE2421CE66004A03ED /* Frameworks */,
				BE4AB4AF2421CE66004A03ED /* Resources */,
			);
			buildRules = (
			);
			dependencies = (
				BE4AB4B32421CE66004A03ED /* PBXTargetDependency */,
			);
			name = AnnaTests;
			productName = AnnaTests;
			productReference = BE4AB4B12421CE66004A03ED /* AnnaTests.xctest */;
			productType = "com.apple.product-type.bundle.unit-test";
		};
		BE4AB4BB2421CE66004A03ED /* AnnaUITests */ = {
			isa = PBXNativeTarget;
			buildConfigurationList = BE4AB4CB2421CE66004A03ED /* Build configuration list for PBXNativeTarget "AnnaUITests" */;
			buildPhases = (
				BE4AB4B82421CE66004A03ED /* Sources */,
				BE4AB4B92421CE66004A03ED /* Frameworks */,
				BE4AB4BA2421CE66004A03ED /* Resources */,
			);
			buildRules = (
			);
			dependencies = (
				BE4AB4BE2421CE66004A03ED /* PBXTargetDependency */,
			);
			name = AnnaUITests;
			productName = AnnaUITests;
			productReference = BE4AB4BC2421CE66004A03ED /* AnnaUITests.xctest */;
			productType = "com.apple.product-type.bundle.ui-testing";
		};
/* End PBXNativeTarget section */

/* Begin PBXProject section */
		BE4AB4932421CE65004A03ED /* Project object */ = {
			isa = PBXProject;
			attributes = {
				LastSwiftUpdateCheck = 1130;
				LastUpgradeCheck = 1130;
				ORGANIZATIONNAME = "Hao Wu";
				TargetAttributes = {
					BE4AB49A2421CE65004A03ED = {
						CreatedOnToolsVersion = 11.3.1;
					};
					BE4AB4B02421CE66004A03ED = {
						CreatedOnToolsVersion = 11.3.1;
						TestTargetID = BE4AB49A2421CE65004A03ED;
					};
					BE4AB4BB2421CE66004A03ED = {
						CreatedOnToolsVersion = 11.3.1;
						TestTargetID = BE4AB49A2421CE65004A03ED;
					};
				};
			};
			buildConfigurationList = BE4AB4962421CE65004A03ED /* Build configuration list for PBXProject "Anna" */;
			compatibilityVersion = "Xcode 9.3";
			developmentRegion = en;
			hasScannedForEncodings = 0;
			knownRegions = (
				en,
				Base,
			);
			mainGroup = BE4AB4922421CE65004A03ED;
			productRefGroup = BE4AB49C2421CE65004A03ED /* Products */;
			projectDirPath = "";
			projectRoot = "";
			targets = (
				BE4AB49A2421CE65004A03ED /* Anna */,
				BE4AB4B02421CE66004A03ED /* AnnaTests */,
				BE4AB4BB2421CE66004A03ED /* AnnaUITests */,
			);
		};
/* End PBXProject section */

/* Begin PBXResourcesBuildPhase section */
		BE4AB4992421CE65004A03ED /* Resources */ = {
			isa = PBXResourcesBuildPhase;
			buildActionMask = 2147483647;
			files = (
				BE4AB4AB2421CE66004A03ED /* LaunchScreen.storyboard in Resources */,
				BE4AB4A82421CE66004A03ED /* Assets.xcassets in Resources */,
				BE4AB4A62421CE65004A03ED /* Main.storyboard in Resources */,
			);
			runOnlyForDeploymentPostprocessing = 0;
		};
		BE4AB4AF2421CE66004A03ED /* Resources */ = {
			isa = PBXResourcesBuildPhase;
			buildActionMask = 2147483647;
			files = (
			);
			runOnlyForDeploymentPostprocessing = 0;
		};
		BE4AB4BA2421CE66004A03ED /* Resources */ = {
			isa = PBXResourcesBuildPhase;
			buildActionMask = 2147483647;
			files = (
			);
			runOnlyForDeploymentPostprocessing = 0;
		};
/* End PBXResourcesBuildPhase section */

/* Begin PBXSourcesBuildPhase section */
		BE4AB4972421CE65004A03ED /* Sources */ = {
			isa = PBXSourcesBuildPhase;
			buildActionMask = 2147483647;
			files = (
				BE4AB4A32421CE65004A03ED /* ViewController.swift in Sources */,
				BE4AB49F2421CE65004A03ED /* AppDelegate.swift in Sources */,
				BE4AB4A12421CE65004A03ED /* SceneDelegate.swift in Sources */,
			);
			runOnlyForDeploymentPostprocessing = 0;
		};
		BE4AB4AD2421CE66004A03ED /* Sources */ = {
			isa = PBXSourcesBuildPhase;
			buildActionMask = 2147483647;
			files = (
				BE4AB4B62421CE66004A03ED /* AnnaTests.swift in Sources */,
			);
			runOnlyForDeploymentPostprocessing = 0;
		};
		BE4AB4B82421CE66004A03ED /* Sources */ = {
			isa = PBXSourcesBuildPhase;
			buildActionMask = 2147483647;
			files = (
				BE4AB4C12421CE66004A03ED /* AnnaUITests.swift in Sources */,
			);
			runOnlyForDeploymentPostprocessing = 0;
		};
/* End PBXSourcesBuildPhase section */

/* Begin PBXTargetDependency section */
		BE4AB4B32421CE66004A03ED /* PBXTargetDependency */ = {
			isa = PBXTargetDependency;
			target = BE4AB49A2421CE65004A03ED /* Anna */;
			targetProxy = BE4AB4B22421CE66004A03ED /* PBXContainerItemProxy */;
		};
		BE4AB4BE2421CE66004A03ED /* PBXTargetDependency */ = {
			isa = PBXTargetDependency;
			target = BE4AB49A2421CE65004A03ED /* Anna */;
			targetProxy = BE4AB4BD2421CE66004A03ED /* PBXContainerItemProxy */;
		};
/* End PBXTargetDependency section */

/* Begin PBXVariantGroup section */
		BE4AB4A42421CE65004A03ED /* Main.storyboard */ = {
			isa = PBXVariantGroup;
			children = (
				BE4AB4A52421CE65004A03ED /* Base */,
			);
			name = Main.storyboard;
			sourceTree = "<group>";
		};
		BE4AB4A92421CE66004A03ED /* LaunchScreen.storyboard */ = {
			isa = PBXVariantGroup;
			children = (
				BE4AB4AA2421CE66004A03ED /* Base */,
			);
			name = LaunchScreen.storyboard;
			sourceTree = "<group>";
		};
/* End PBXVariantGroup section */

/* Begin XCBuildConfiguration section */
		BE4AB4C32421CE66004A03ED /* Debug */ = {
			isa = XCBuildConfiguration;
			buildSettings = {
				ALWAYS_SEARCH_USER_PATHS = NO;
				CLANG_ANALYZER_NONNULL = YES;
				CLANG_ANALYZER_NUMBER_OBJECT_CONVERSION = YES_AGGRESSIVE;
				CLANG_CXX_LANGUAGE_STANDARD = "gnu++14";
				CLANG_CXX_LIBRARY = "libc++";
				CLANG_ENABLE_MODULES = YES;
				CLANG_ENABLE_OBJC_ARC = YES;
				CLANG_ENABLE_OBJC_WEAK = YES;
				CLANG_WARN_BLOCK_CAPTURE_AUTORELEASING = YES;
				CLANG_WARN_BOOL_CONVERSION = YES;
				CLANG_WARN_COMMA = YES;
				CLANG_WARN_CONSTANT_CONVERSION = YES;
				CLANG_WARN_DEPRECATED_OBJC_IMPLEMENTATIONS = YES;
				CLANG_WARN_DIRECT_OBJC_ISA_USAGE = YES_ERROR;
				CLANG_WARN_DOCUMENTATION_COMMENTS = YES;
				CLANG_WARN_EMPTY_BODY = YES;
				CLANG_WARN_ENUM_CONVERSION = YES;
				CLANG_WARN_INFINITE_RECURSION = YES;
				CLANG_WARN_INT_CONVERSION = YES;
				CLANG_WARN_NON_LITERAL_NULL_CONVERSION = YES;
				CLANG_WARN_OBJC_IMPLICIT_RETAIN_SELF = YES;
				CLANG_WARN_OBJC_LITERAL_CONVERSION = YES;
				CLANG_WARN_OBJC_ROOT_CLASS = YES_ERROR;
				CLANG_WARN_RANGE_LOOP_ANALYSIS = YES;
				CLANG_WARN_STRICT_PROTOTYPES = YES;
				CLANG_WARN_SUSPICIOUS_MOVE = YES;
				CLANG_WARN_UNGUARDED_AVAILABILITY = YES_AGGRESSIVE;
				CLANG_WARN_UNREACHABLE_CODE = YES;
				CLANG_WARN__DUPLICATE_METHOD_MATCH = YES;
				COPY_PHASE_STRIP = NO;
				DEBUG_INFORMATION_FORMAT = dwarf;
				ENABLE_STRICT_OBJC_MSGSEND = YES;
				ENABLE_TESTABILITY = YES;
				GCC_C_LANGUAGE_STANDARD = gnu11;
				GCC_DYNAMIC_NO_PIC = NO;
				GCC_NO_COMMON_BLOCKS = YES;
				GCC_OPTIMIZATION_LEVEL = 0;
				GCC_PREPROCESSOR_DEFINITIONS = (
					"DEBUG=1",
					"$(inherited)",
				);
				GCC_WARN_64_TO_32_BIT_CONVERSION = YES;
				GCC_WARN_ABOUT_RETURN_TYPE = YES_ERROR;
				GCC_WARN_UNDECLARED_SELECTOR = YES;
				GCC_WARN_UNINITIALIZED_AUTOS = YES_AGGRESSIVE;
				GCC_WARN_UNUSED_FUNCTION = YES;
				GCC_WARN_UNUSED_VARIABLE = YES;
				IPHONEOS_DEPLOYMENT_TARGET = 13.2;
				MTL_ENABLE_DEBUG_INFO = INCLUDE_SOURCE;
				MTL_FAST_MATH = YES;
				ONLY_ACTIVE_ARCH = YES;
				SDKROOT = iphoneos;
				SWIFT_ACTIVE_COMPILATION_CONDITIONS = DEBUG;
				SWIFT_OPTIMIZATION_LEVEL = "-Onone";
			};
			name = Debug;
		};
		BE4AB4C42421CE66004A03ED /* Release */ = {
			isa = XCBuildConfiguration;
			buildSettings = {
				ALWAYS_SEARCH_USER_PATHS = NO;
				CLANG_ANALYZER_NONNULL = YES;
				CLANG_ANALYZER_NUMBER_OBJECT_CONVERSION = YES_AGGRESSIVE;
				CLANG_CXX_LANGUAGE_STANDARD = "gnu++14";
				CLANG_CXX_LIBRARY = "libc++";
				CLANG_ENABLE_MODULES = YES;
				CLANG_ENABLE_OBJC_ARC = YES;
				CLANG_ENABLE_OBJC_WEAK = YES;
				CLANG_WARN_BLOCK_CAPTURE_AUTORELEASING = YES;
				CLANG_WARN_BOOL_CONVERSION = YES;
				CLANG_WARN_COMMA = YES;
				CLANG_WARN_CONSTANT_CONVERSION = YES;
				CLANG_WARN_DEPRECATED_OBJC_IMPLEMENTATIONS = YES;
				CLANG_WARN_DIRECT_OBJC_ISA_USAGE = YES_ERROR;
				CLANG_WARN_DOCUMENTATION_COMMENTS = YES;
				CLANG_WARN_EMPTY_BODY = YES;
				CLANG_WARN_ENUM_CONVERSION = YES;
				CLANG_WARN_INFINITE_RECURSION = YES;
				CLANG_WARN_INT_CONVERSION = YES;
				CLANG_WARN_NON_LITERAL_NULL_CONVERSION = YES;
				CLANG_WARN_OBJC_IMPLICIT_RETAIN_SELF = YES;
				CLANG_WARN_OBJC_LITERAL_CONVERSION = YES;
				CLANG_WARN_OBJC_ROOT_CLASS = YES_ERROR;
				CLANG_WARN_RANGE_LOOP_ANALYSIS = YES;
				CLANG_WARN_STRICT_PROTOTYPES = YES;
				CLANG_WARN_SUSPICIOUS_MOVE = YES;
				CLANG_WARN_UNGUARDED_AVAILABILITY = YES_AGGRESSIVE;
				CLANG_WARN_UNREACHABLE_CODE = YES;
				CLANG_WARN__DUPLICATE_METHOD_MATCH = YES;
				COPY_PHASE_STRIP = NO;
				DEBUG_INFORMATION_FORMAT = "dwarf-with-dsym";
				ENABLE_NS_ASSERTIONS = NO;
				ENABLE_STRICT_OBJC_MSGSEND = YES;
				GCC_C_LANGUAGE_STANDARD = gnu11;
				GCC_NO_COMMON_BLOCKS = YES;
				GCC_WARN_64_TO_32_BIT_CONVERSION = YES;
				GCC_WARN_ABOUT_RETURN_TYPE = YES_ERROR;
				GCC_WARN_UNDECLARED_SELECTOR = YES;
				GCC_WARN_UNINITIALIZED_AUTOS = YES_AGGRESSIVE;
				GCC_WARN_UNUSED_FUNCTION = YES;
				GCC_WARN_UNUSED_VARIABLE = YES;
				IPHONEOS_DEPLOYMENT_TARGET = 13.2;
				MTL_ENABLE_DEBUG_INFO = NO;
				MTL_FAST_MATH = YES;
				SDKROOT = iphoneos;
				SWIFT_COMPILATION_MODE = wholemodule;
				SWIFT_OPTIMIZATION_LEVEL = "-O";
				VALIDATE_PRODUCT = YES;
			};
			name = Release;
		};
		BE4AB4C62421CE66004A03ED /* Debug */ = {
			isa = XCBuildConfiguration;
			buildSettings = {
				ASSETCATALOG_COMPILER_APPICON_NAME = AppIcon;
				CODE_SIGN_STYLE = Automatic;
				DEVELOPMENT_TEAM = ZLP5N3QR69;
				INFOPLIST_FILE = Anna/Info.plist;
				LD_RUNPATH_SEARCH_PATHS = (
					"$(inherited)",
					"@executable_path/Frameworks",
				);
				PRODUCT_BUNDLE_IDENTIFIER = Harin.Anna;
				PRODUCT_NAME = "$(TARGET_NAME)";
				SWIFT_VERSION = 5.0;
				TARGETED_DEVICE_FAMILY = "1,2";
			};
			name = Debug;
		};
		BE4AB4C72421CE66004A03ED /* Release */ = {
			isa = XCBuildConfiguration;
			buildSettings = {
				ASSETCATALOG_COMPILER_APPICON_NAME = AppIcon;
				CODE_SIGN_STYLE = Automatic;
				DEVELOPMENT_TEAM = ZLP5N3QR69;
				INFOPLIST_FILE = Anna/Info.plist;
				LD_RUNPATH_SEARCH_PATHS = (
					"$(inherited)",
					"@executable_path/Frameworks",
				);
				PRODUCT_BUNDLE_IDENTIFIER = Harin.Anna;
				PRODUCT_NAME = "$(TARGET_NAME)";
				SWIFT_VERSION = 5.0;
				TARGETED_DEVICE_FAMILY = "1,2";
			};
			name = Release;
		};
		BE4AB4C92421CE66004A03ED /* Debug */ = {
			isa = XCBuildConfiguration;
			buildSettings = {
				ALWAYS_EMBED_SWIFT_STANDARD_LIBRARIES = YES;
				BUNDLE_LOADER = "$(TEST_HOST)";
				CODE_SIGN_STYLE = Automatic;
				DEVELOPMENT_TEAM = ZLP5N3QR69;
				INFOPLIST_FILE = AnnaTests/Info.plist;
				IPHONEOS_DEPLOYMENT_TARGET = 13.2;
				LD_RUNPATH_SEARCH_PATHS = (
					"$(inherited)",
					"@executable_path/Frameworks",
					"@loader_path/Frameworks",
				);
				PRODUCT_BUNDLE_IDENTIFIER = Harin.AnnaTests;
				PRODUCT_NAME = "$(TARGET_NAME)";
				SWIFT_VERSION = 5.0;
				TARGETED_DEVICE_FAMILY = "1,2";
				TEST_HOST = "$(BUILT_PRODUCTS_DIR)/Anna.app/Anna";
			};
			name = Debug;
		};
		BE4AB4CA2421CE66004A03ED /* Release */ = {
			isa = XCBuildConfiguration;
			buildSettings = {
				ALWAYS_EMBED_SWIFT_STANDARD_LIBRARIES = YES;
				BUNDLE_LOADER = "$(TEST_HOST)";
				CODE_SIGN_STYLE = Automatic;
				DEVELOPMENT_TEAM = ZLP5N3QR69;
				INFOPLIST_FILE = AnnaTests/Info.plist;
				IPHONEOS_DEPLOYMENT_TARGET = 13.2;
				LD_RUNPATH_SEARCH_PATHS = (
					"$(inherited)",
					"@executable_path/Frameworks",
					"@loader_path/Frameworks",
				);
				PRODUCT_BUNDLE_IDENTIFIER = Harin.AnnaTests;
				PRODUCT_NAME = "$(TARGET_NAME)";
				SWIFT_VERSION = 5.0;
				TARGETED_DEVICE_FAMILY = "1,2";
				TEST_HOST = "$(BUILT_PRODUCTS_DIR)/Anna.app/Anna";
			};
			name = Release;
		};
		BE4AB4CC2421CE66004A03ED /* Debug */ = {
			isa = XCBuildConfiguration;
			buildSettings = {
				ALWAYS_EMBED_SWIFT_STANDARD_LIBRARIES = YES;
				CODE_SIGN_STYLE = Automatic;
				DEVELOPMENT_TEAM = ZLP5N3QR69;
				INFOPLIST_FILE = AnnaUITests/Info.plist;
				LD_RUNPATH_SEARCH_PATHS = (
					"$(inherited)",
					"@executable_path/Frameworks",
					"@loader_path/Frameworks",
				);
				PRODUCT_BUNDLE_IDENTIFIER = Harin.AnnaUITests;
				PRODUCT_NAME = "$(TARGET_NAME)";
				SWIFT_VERSION = 5.0;
				TARGETED_DEVICE_FAMILY = "1,2";
				TEST_TARGET_NAME = Anna;
			};
			name = Debug;
		};
		BE4AB4CD2421CE66004A03ED /* Release */ = {
			isa = XCBuildConfiguration;
			buildSettings = {
				ALWAYS_EMBED_SWIFT_STANDARD_LIBRARIES = YES;
				CODE_SIGN_STYLE = Automatic;
				DEVELOPMENT_TEAM = ZLP5N3QR69;
				INFOPLIST_FILE = AnnaUITests/Info.plist;
				LD_RUNPATH_SEARCH_PATHS = (
					"$(inherited)",
					"@executable_path/Frameworks",
					"@loader_path/Frameworks",
				);
				PRODUCT_BUNDLE_IDENTIFIER = Harin.AnnaUITests;
				PRODUCT_NAME = "$(TARGET_NAME)";
				SWIFT_VERSION = 5.0;
				TARGETED_DEVICE_FAMILY = "1,2";
				TEST_TARGET_NAME = Anna;
			};
			name = Release;
		};
/* End XCBuildConfiguration section */

/* Begin XCConfigurationList section */
		BE4AB4962421CE65004A03ED /* Build configuration list for PBXProject "Anna" */ = {
			isa = XCConfigurationList;
			buildConfigurations = (
				BE4AB4C32421CE66004A03ED /* Debug */,
				BE4AB4C42421CE66004A03ED /* Release */,
			);
			defaultConfigurationIsVisible = 0;
			defaultConfigurationName = Release;
		};
		BE4AB4C52421CE66004A03ED /* Build configuration list for PBXNativeTarget "Anna" */ = {
			isa = XCConfigurationList;
			buildConfigurations = (
				BE4AB4C62421CE66004A03ED /* Debug */,
				BE4AB4C72421CE66004A03ED /* Release */,
			);
			defaultConfigurationIsVisible = 0;
			defaultConfigurationName = Release;
		};
		BE4AB4C82421CE66004A03ED /* Build configuration list for PBXNativeTarget "AnnaTests" */ = {
			isa = XCConfigurationList;
			buildConfigurations = (
				BE4AB4C92421CE66004A03ED /* Debug */,
				BE4AB4CA2421CE66004A03ED /* Release */,
			);
			defaultConfigurationIsVisible = 0;
			defaultConfigurationName = Release;
		};
		BE4AB4CB2421CE66004A03ED /* Build configuration list for PBXNativeTarget "AnnaUITests" */ = {
			isa = XCConfigurationList;
			buildConfigurations = (
				BE4AB4CC2421CE66004A03ED /* Debug */,
				BE4AB4CD2421CE66004A03ED /* Release */,
			);
			defaultConfigurationIsVisible = 0;
			defaultConfigurationName = Release;
		};
/* End XCConfigurationList section */
	};
	rootObject = BE4AB4932421CE65004A03ED /* Project object */;
}
